PODS:
  - MBCircularProgressBar (0.3.5)

DEPENDENCIES:
  - MBCircularProgressBar

SPEC REPOS:
  https://github.com/cocoapods/specs.git:
    - MBCircularProgressBar

SPEC CHECKSUMS:
  MBCircularProgressBar: 0b795b722a5eb5b0923822f90474e2576a1a7855

PODFILE CHECKSUM: a6b6a5d58c64f0a3a4a874271107a85ff4ce84c3

COCOAPODS: 1.5.3
